
Microsoft Visual Studio Solution File, Format Version 12.00
# Visual Studio Version 16
VisualStudioVersion = 16.0.30204.135
MinimumVisualStudioVersion = 10.0.40219.1
Project("{9A19103F-16F7-4668-BE54-9A1E7A4F7556}") = "MessengerBackend", "MessengerBackend\MessengerBackend.csproj", "{64C1A2F9-AA54-4636-A0DA-8FB84ABBABAC}"
EndProject
Project("{FAE04EC0-301F-11D3-BF4B-00C04F79EFBC}") = "MessengerBackendTests", "MessengerBackendTests\MessengerBackendTests.csproj", "{C0C6630E-47E5-4E1D-A2F9-C2EFFD4F24AF}"
EndProject
Global
	GlobalSection(SolutionConfigurationPlatforms) = preSolution
		Debug|Any CPU = Debug|Any CPU
		Release|Any CPU = Release|Any CPU
	EndGlobalSection
	GlobalSection(ProjectConfigurationPlatforms) = postSolution
		{64C1A2F9-AA54-4636-A0DA-8FB84ABBABAC}.Debug|Any CPU.ActiveCfg = Debug|Any CPU
		{64C1A2F9-AA54-4636-A0DA-8FB84ABBABAC}.Debug|Any CPU.Build.0 = Debug|Any CPU
		{64C1A2F9-AA54-4636-A0DA-8FB84ABBABAC}.Release|Any CPU.ActiveCfg = Release|Any CPU
		{64C1A2F9-AA54-4636-A0DA-8FB84ABBABAC}.Release|Any CPU.Build.0 = Release|Any CPU
		{C0C6630E-47E5-4E1D-A2F9-C2EFFD4F24AF}.Debug|Any CPU.ActiveCfg = Debug|Any CPU
		{C0C6630E-47E5-4E1D-A2F9-C2EFFD4F24AF}.Debug|Any CPU.Build.0 = Debug|Any CPU
		{C0C6630E-47E5-4E1D-A2F9-C2EFFD4F24AF}.Release|Any CPU.ActiveCfg = Release|Any CPU
		{C0C6630E-47E5-4E1D-A2F9-C2EFFD4F24AF}.Release|Any CPU.Build.0 = Release|Any CPU
	EndGlobalSection
	GlobalSection(SolutionProperties) = preSolution
		HideSolutionNode = FALSE
	EndGlobalSection
	GlobalSection(ExtensibilityGlobals) = postSolution
		SolutionGuid = {C07807CB-F3CE-48E8-8223-E04260BA8941}
	EndGlobalSection
EndGlobal
