{
  "version": 1,
  "dependencies": {
    ".NETCoreApp,Version=v3.1": {
      "Crc32.NET": {
        "type": "Direct",
        "requested": "[1.2.0, )",
        "resolved": "1.2.0",
        "contentHash": "wNW/huzolu8MNKUnwCVKxjfAlCFpeI8AZVfF46iAWJ1+P6bTU1AZct7VAkDDEjgeeTJCVTkGZaD6jSd/fOiUkA==",
        "dependencies": {
          "NETStandard.Library": "2.0.0"
        }
      },
      "dotenv.net": {
        "type": "Direct",
        "requested": "[2.1.1, )",
        "resolved": "2.1.1",
        "contentHash": "VWP/1PbyjRCLTnfXQNKDtd1yH/zLZKlpuehq2F564XjUXvPeFLJ2YCCY7+2KLkU5bEgumFzirs6Y8gkbRm7w2Q==",
        "dependencies": {
          "System.Memory": "4.5.4"
        }
      },
      "EFCore.NamingConventions": {
        "type": "Direct",
        "requested": "[5.0.0-preview5, )",
        "resolved": "5.0.0-preview5",
        "contentHash": "jbHfiYWfujOtX9WyKbiDVEl+oiGP0wcECN/YCQrsSqSzgtG0f/0GqC3sy5e2Eri+pxNahMYS+qXa52RKlGO1/A==",
        "dependencies": {
          "Microsoft.EntityFrameworkCore": "5.0.0-preview.5.20278.2",
          "Microsoft.EntityFrameworkCore.Relational": "5.0.0-preview.5.20278.2",
          "Microsoft.Extensions.DependencyInjection.Abstractions": "5.0.0-preview.3.20215.2"
        }
      },
      "Google.Protobuf": {
        "type": "Direct",
        "requested": "[3.12.3, )",
        "resolved": "3.12.3",
        "contentHash": "k+Dj0bdOy6/xhIZOthvDS2Ux9y5q6dWw+36n3SBVHYl520+tvcqLOpx6YsgQVy12cuzZbF+r73RZ0fxmpJ8c6A==",
        "dependencies": {
          "System.Memory": "4.5.2"
        }
      },
      "Microsoft.AspNetCore.Authentication.JwtBearer": {
        "type": "Direct",
        "requested": "[3.1.5, )",
        "resolved": "3.1.5",
        "contentHash": "yIVf8D7YasN7x1kZDZWcZ+8bO5xiSdjpKscseRTA3/7QJsbeTGhZ1i2/9oqtTD4FTsENYeq8tAfTngy50r+x8Q==",
        "dependencies": {
          "Microsoft.IdentityModel.Protocols.OpenIdConnect": "5.5.0"
        }
      },
      "Microsoft.EntityFrameworkCore.Design": {
        "type": "Direct",
        "requested": "[3.1.5, )",
        "resolved": "3.1.5",
        "contentHash": "Bo5IVeCueESgeADKth/w9+IIwhMb1FgNrgB/egnHoTudnoZFffxPo/HVp8R5uyDIkBkEkfD7pTLy5szMyc8c1w==",
        "dependencies": {
          "Microsoft.CSharp": "4.7.0",
          "Microsoft.EntityFrameworkCore.Relational": "3.1.5"
        }
      },
      "Microsoft.VisualStudio.Web.CodeGeneration.Design": {
        "type": "Direct",
        "requested": "[3.1.3, )",
        "resolved": "3.1.3",
        "contentHash": "N4obD7ldPaX7EHMVQoFHO5bX3zJI6HGkJpwKMuZ0LiGMb/d7ku39H7erXocAsSQbxTs1GCCQx8IbhkAc6a5hEw==",
        "dependencies": {
          "Microsoft.VisualStudio.Web.CodeGenerators.Mvc": "3.1.3"
        }
      },
      "Npgsql.EntityFrameworkCore.PostgreSQL": {
        "type": "Direct",
        "requested": "[5.0.0-preview5, )",
        "resolved": "5.0.0-preview5",
        "contentHash": "Emol0fO6M5Z7phVJeDk+2F8dzAuQxv1JPuTt/0a8MayG7xFMOLL6p6x2VuGnesqwwz0uNWaj4oQvXlHag9aJ9w==",
        "dependencies": {
          "Microsoft.EntityFrameworkCore": "5.0.0-preview.5.20278.2",
          "Microsoft.EntityFrameworkCore.Abstractions": "5.0.0-preview.5.20278.2",
          "Microsoft.EntityFrameworkCore.Relational": "5.0.0-preview.5.20278.2",
          "Npgsql": "4.1.3"
        }
      },
      "protobuf-net": {
        "type": "Direct",
        "requested": "[3.0.0, )",
        "resolved": "3.0.0",
        "contentHash": "vz2Y/dK33c0NJX9bXyOUUckIGZsjSjd9CyNrN8v0y2LGh1pa/GvZuschWq1AS8lg4M8thensT0Y3DQ4U7xEG2g==",
        "dependencies": {
          "System.Reflection.Emit": "4.7.0",
          "System.Reflection.Emit.Lightweight": "4.7.0",
          "System.ServiceModel.Primitives": "4.6.0",
          "protobuf-net.Core": "3.0.0"
        }
      },
      "Serilog": {
        "type": "Direct",
        "requested": "[2.10.0-dev-01191, )",
        "resolved": "2.10.0-dev-01191",
        "contentHash": "0ZG/gpldpDBGXEjDKHIcQCe3E4ufv98Iaxn2b4X54bOPWJJssquP2QiTEkWIXbaoDvmegUWB3fHwwHQhFgedJw=="
      },
      "Serilog.AspNetCore": {
        "type": "Direct",
        "requested": "[3.4.0-dev-00171, )",
        "resolved": "3.4.0-dev-00171",
        "contentHash": "Zw7srXIwQauMZaqDExVoC415oNHKBr9EDahSYlpqyFK5wa6kzZR4sPT6VyhrfIwbD/vFM0VbShzMJuymvsACHQ==",
        "dependencies": {
          "Microsoft.Extensions.DependencyInjection": "3.1.2",
          "Microsoft.Extensions.Logging": "3.1.2",
          "Serilog": "2.9.0",
          "Serilog.Extensions.Hosting": "3.1.0",
          "Serilog.Formatting.Compact": "1.1.0",
          "Serilog.Settings.Configuration": "3.1.0",
          "Serilog.Sinks.Console": "3.1.1",
          "Serilog.Sinks.Debug": "1.0.1",
          "Serilog.Sinks.File": "4.1.0"
        }
      },
      "Serilog.Extensions.Logging": {
        "type": "Direct",
        "requested": "[3.0.2-dev-10280, )",
        "resolved": "3.0.2-dev-10280",
        "contentHash": "4Hbqft1O/PaV9s/8t9YoZsAlo5oloaXzJ7kQUoWGlNn1eQxkRO5fwyttcZCrzHYHiFl8k2vE/3xKTtuspRtXEQ==",
        "dependencies": {
          "Microsoft.Extensions.Logging": "2.0.0",
          "Serilog": "2.8.0"
        }
      },
      "Serilog.Settings.Configuration": {
        "type": "Direct",
        "requested": "[3.2.0-dev-00244, )",
        "resolved": "3.2.0-dev-00244",
        "contentHash": "3t0uxEMXdvkX8CIR0SRLX7pD9MtwcN24q5v8iDoDTWoFnavstn6VxPC0wXcTtz2/jck1RVul2YIe3P66rBchSg==",
        "dependencies": {
          "Microsoft.Extensions.DependencyModel": "3.0.0",
          "Microsoft.Extensions.Options.ConfigurationExtensions": "2.0.0",
          "Serilog": "2.9.0"
        }
      },
      "Serilog.Sinks.Console": {
        "type": "Direct",
        "requested": "[4.0.0-dev-00839, )",
        "resolved": "4.0.0-dev-00839",
        "contentHash": "ZFk+UZKpkuApcs1peDfqtG7Y/3ksiv6y0b0KZSaDTUNSiYPZBEVSUC2ZH7Ib9SweU6I4Vwm8+666PUmkoVaVhQ==",
        "dependencies": {
          "Serilog": "2.8.0"
        }
      },
      "Serilog.Sinks.File": {
        "type": "Direct",
        "requested": "[5.0.0-dev-00880, )",
        "resolved": "5.0.0-dev-00880",
        "contentHash": "3NsdteItVxUccSvWeCPesdmxy4xGjCz0aZBHM8FeMxhuClAIRnWSFD/k0EfZ+OAYmJZEYdaa4+NjsCUjqKPQZw==",
        "dependencies": {
          "Serilog": "2.9.0"
        }
      },
      "Twilio": {
        "type": "Direct",
        "requested": "[5.43.0, )",
        "resolved": "5.43.0",
        "contentHash": "U5nUtEOAc/9uAyQp9jR1SqTe6Q+cyMuJ1ITpP0a7swN59+EaCoBCP26K4JjR3fYiZjNseTb20tvVjqNfVADiRg==",
        "dependencies": {
          "Microsoft.IdentityModel.Tokens": "5.3.0",
          "Newtonsoft.Json": "11.0.2",
          "System.Collections.Specialized": "4.3.0",
          "System.IdentityModel.Tokens.Jwt": "5.3.0"
        }
      },
      "Microsoft.AspNetCore.Html.Abstractions": {
        "type": "Transitive",
        "resolved": "2.2.0",
        "contentHash": "Y4rs5aMEXY8G7wJo5S3EEt6ltqyOTr/qOeZzfn+hw/fuQj5GppGckMY5psGLETo1U9hcT5MmAhaT5xtusM1b5g==",
        "dependencies": {
          "System.Text.Encodings.Web": "4.5.0"
        }
      },
      "Microsoft.AspNetCore.Razor": {
        "type": "Transitive",
        "resolved": "2.2.0",
        "contentHash": "V54PIyDCFl8COnTp9gezNHpUNHk7F9UnerGeZy3UfbnwYvfzbo+ipqQmSgeoESH8e0JvKhRTyQyZquW2EPtCmg==",
        "dependencies": {
          "Microsoft.AspNetCore.Html.Abstractions": "2.2.0"
        }
      },
      "Microsoft.AspNetCore.Razor.Language": {
        "type": "Transitive",
        "resolved": "3.1.0",
        "contentHash": "e/atqZ5CzmJWuG/yaYOzbWNON+oqNKfk1M/xTYW+hje/RoiUUjVP88wrX1s9rEHzaAU4UljIOSvMxLABc2X2gg=="
      },
      "Microsoft.AspNetCore.Razor.Runtime": {
        "type": "Transitive",
        "resolved": "2.2.0",
        "contentHash": "7YqK+H61lN6yj9RiQUko7oaOhKtRR9Q/kBcoWNRemhJdTIWOh1OmdvJKzZrMWOlff3BAjejkPQm+0V0qXk+B1w==",
        "dependencies": {
          "Microsoft.AspNetCore.Html.Abstractions": "2.2.0",
          "Microsoft.AspNetCore.Razor": "2.2.0"
        }
      },
      "Microsoft.CodeAnalysis.Analyzers": {
        "type": "Transitive",
        "resolved": "2.9.4",
        "contentHash": "alIJhS0VUg/7x5AsHEoovh/wRZ0RfCSS7k5pDSqpRLTyuMTtRgj6OJJPRApRhJHOGYYsLakf1hKeXFoDwKwNkg=="
      },
      "Microsoft.CodeAnalysis.Common": {
        "type": "Transitive",
        "resolved": "3.3.1",
        "contentHash": "N5yQdGy+M4kimVG7hwCeGTCfgYjK2o5b/Shumkb/rCC+/SAkvP1HUAYK+vxPFS7dLJNtXLRsmPHKj3fnyNWnrw==",
        "dependencies": {
          "Microsoft.CodeAnalysis.Analyzers": "2.9.4",
          "System.Collections.Immutable": "1.5.0",
          "System.Memory": "4.5.3",
          "System.Reflection.Metadata": "1.6.0",
          "System.Runtime.CompilerServices.Unsafe": "4.5.2",
          "System.Text.Encoding.CodePages": "4.5.1",
          "System.Threading.Tasks.Extensions": "4.5.3"
        }
      },
      "Microsoft.CodeAnalysis.CSharp": {
        "type": "Transitive",
        "resolved": "3.3.1",
        "contentHash": "WDUIhTHem38H6VJ98x2Ssq0fweakJHnHYl7vbG8ARnsAwLoJKCQCy78EeY1oRrCKG42j0v6JVljKkeqSDA28UA==",
        "dependencies": {
          "Microsoft.CodeAnalysis.Common": "[3.3.1]"
        }
      },
      "Microsoft.CodeAnalysis.CSharp.Workspaces": {
        "type": "Transitive",
        "resolved": "3.3.1",
        "contentHash": "dHs/UyfLgzsVC4FjTi/x+H+yQifgOnpe3rSN8GwkHWjnidePZ3kSqr1JHmFDf5HTQEydYwrwCAfQ0JSzhsEqDA==",
        "dependencies": {
          "Microsoft.CodeAnalysis.CSharp": "[3.3.1]",
          "Microsoft.CodeAnalysis.Common": "[3.3.1]",
          "Microsoft.CodeAnalysis.Workspaces.Common": "[3.3.1]"
        }
      },
      "Microsoft.CodeAnalysis.Razor": {
        "type": "Transitive",
        "resolved": "3.1.0",
        "contentHash": "EI/9iVMneil8nZn7mqEujJvV63VRaz01Czc69NTrCQAh5CRfBvoeqBVsDx6oC9CIYla/AJYss+U4B/6Usecx7A==",
        "dependencies": {
          "Microsoft.AspNetCore.Razor.Language": "3.1.0",
          "Microsoft.CodeAnalysis.CSharp": "3.3.0",
          "Microsoft.CodeAnalysis.Common": "3.3.0"
        }
      },
      "Microsoft.CodeAnalysis.Workspaces.Common": {
        "type": "Transitive",
        "resolved": "3.3.1",
        "contentHash": "NfBz3b5hFSbO+7xsCNryD+p8axsIJFTG7qM3jvMTC/MqYrU6b8E1b6JoRj5rJSOBB+pSunk+CMqyGQTOWHeDUg==",
        "dependencies": {
          "Microsoft.CodeAnalysis.Common": "[3.3.1]",
          "System.Composition": "1.0.31"
        }
      },
      "Microsoft.CSharp": {
        "type": "Transitive",
        "resolved": "4.7.0",
        "contentHash": "pTj+D3uJWyN3My70i2Hqo+OXixq3Os2D1nJ2x92FFo6sk8fYS1m1WLNTs0Dc1uPaViH0YvEEwvzddQ7y4rhXmA=="
      },
      "Microsoft.EntityFrameworkCore": {
        "type": "Transitive",
        "resolved": "5.0.0-preview.5.20278.2",
        "contentHash": "vduBoJE4vkg6nCWPKT/f1cYUEML7zNT2PbwYkw+joySI+/p+4Fi22KMNpjqRDXIPfC1yLo+a5zJGeoZ5qfRdcA==",
        "dependencies": {
          "Microsoft.EntityFrameworkCore.Abstractions": "5.0.0-preview.5.20278.2",
          "Microsoft.EntityFrameworkCore.Analyzers": "5.0.0-preview.5.20278.2",
          "Microsoft.Extensions.Caching.Memory": "5.0.0-preview.3.20215.2",
          "Microsoft.Extensions.DependencyInjection": "5.0.0-preview.3.20215.2",
          "Microsoft.Extensions.Logging": "5.0.0-preview.3.20215.2",
          "System.Collections.Immutable": "5.0.0-preview.3.20214.6",
          "System.ComponentModel.Annotations": "5.0.0-preview.3.20214.6",
          "System.Diagnostics.DiagnosticSource": "5.0.0-preview.3.20214.6"
        }
      },
      "Microsoft.EntityFrameworkCore.Abstractions": {
        "type": "Transitive",
        "resolved": "5.0.0-preview.5.20278.2",
        "contentHash": "5WBeM8HPvU4xnRmUDK2bxdR/RVtFzkskw+ZcU5UtbXvX9OB/yKuYoFrgHhJ5j9bzF6T47FitVIPwFi1J3J6Fmg=="
      },
      "Microsoft.EntityFrameworkCore.Analyzers": {
        "type": "Transitive",
        "resolved": "5.0.0-preview.5.20278.2",
        "contentHash": "ONAWT2O0KgYTT/jpAycKBfSqufL1rPXRwgSEQ4MFVaLGEysw6+tbFJp+zbTnpzFItzuman2MnhSROcUkbvQJPA=="
      },
      "Microsoft.EntityFrameworkCore.Relational": {
        "type": "Transitive",
        "resolved": "5.0.0-preview.5.20278.2",
        "contentHash": "+zuWALzaTayfwb54GCAYSYyOjrbiTVdGbiGllwc2iXR0vmOg1m2bdPoyYQkRMnofU1WPh84V2D0+hTYK4KUjUg==",
        "dependencies": {
          "Microsoft.EntityFrameworkCore": "5.0.0-preview.5.20278.2"
        }
      },
      "Microsoft.Extensions.Caching.Abstractions": {
        "type": "Transitive",
        "resolved": "5.0.0-preview.3.20215.2",
        "contentHash": "tw1XZLX+e+toZyWMSOzVaPBE1RIO7HBNVGMaO8qDzchrsBA1CcPm0mgkwp0p5ZBn/NOrLEa9COV7skwCdVTgmQ==",
        "dependencies": {
          "Microsoft.Extensions.Primitives": "5.0.0-preview.3.20215.2"
        }
      },
      "Microsoft.Extensions.Caching.Memory": {
        "type": "Transitive",
        "resolved": "5.0.0-preview.3.20215.2",
        "contentHash": "02Eg+7y/dRj4gsYsKLEKB733ae0yk33TxFFOBnuL029R+0cFqOh2ukZgqO3rK1z0bxsklr0cKRYtCB8io3wAhw==",
        "dependencies": {
          "Microsoft.Extensions.Caching.Abstractions": "5.0.0-preview.3.20215.2",
          "Microsoft.Extensions.DependencyInjection.Abstractions": "5.0.0-preview.3.20215.2",
          "Microsoft.Extensions.Logging.Abstractions": "5.0.0-preview.3.20215.2",
          "Microsoft.Extensions.Options": "5.0.0-preview.3.20215.2"
        }
      },
      "Microsoft.Extensions.Configuration": {
        "type": "Transitive",
        "resolved": "5.0.0-preview.3.20215.2",
        "contentHash": "xxNWjUusEP99c7ruTbTcxXAU8TAvRfgGME5lyA6WAuQfrK0/bpdCZEqjNyahDM0w1UjbRdqV+gOylVa3au5nsw==",
        "dependencies": {
          "Microsoft.Extensions.Configuration.Abstractions": "5.0.0-preview.3.20215.2"
        }
      },
      "Microsoft.Extensions.Configuration.Abstractions": {
        "type": "Transitive",
        "resolved": "5.0.0-preview.3.20215.2",
        "contentHash": "jCbtfR4fAinUpqg9Vog7po3P5ES2dNut9gaBkcQ0f5+ma3Tiz8CQEt7kiYLUL7BkT/bHWuS+FzBoRTU5PeuDKw==",
        "dependencies": {
          "Microsoft.Extensions.Primitives": "5.0.0-preview.3.20215.2"
        }
      },
      "Microsoft.Extensions.Configuration.Binder": {
        "type": "Transitive",
        "resolved": "5.0.0-preview.3.20215.2",
        "contentHash": "tfyn+CePLtNzsjlX/0xnLgGz8l5MoOFjDc6mG/habo5g4NohjejasSQyi27x9qELXBGLNf10qr3jnptcrExkVw==",
        "dependencies": {
          "Microsoft.Extensions.Configuration": "5.0.0-preview.3.20215.2"
        }
      },
      "Microsoft.Extensions.DependencyInjection": {
        "type": "Transitive",
        "resolved": "5.0.0-preview.3.20215.2",
        "contentHash": "KxBL8tleoCwbnbLH457egzUGaUS3syH5POzqNcTReBp7h1HfDWNsu1+9YZZR/hqmmzucS9aqO9PZPf7AlO8oog==",
        "dependencies": {
          "Microsoft.Extensions.DependencyInjection.Abstractions": "5.0.0-preview.3.20215.2"
        }
      },
      "Microsoft.Extensions.DependencyInjection.Abstractions": {
        "type": "Transitive",
        "resolved": "5.0.0-preview.3.20215.2",
        "contentHash": "9EUDaJfX1XJGk8SnKyFJzrLwvi11OzE0EgG5dRqAi5qif//xsCqTRcSb4tGqnKHOUkU707OGa1Lvu0y7lIiHmg=="
      },
      "Microsoft.Extensions.DependencyModel": {
        "type": "Transitive",
        "resolved": "3.0.0",
        "contentHash": "Iaectmzg9Dc4ZbKX/FurrRjgO/I8rTumL5UU+Uube6vZuGetcnXoIgTA94RthFWePhdMVm8MMhVFJZdbzMsdyQ==",
        "dependencies": {
          "System.Text.Json": "4.6.0"
        }
      },
      "Microsoft.Extensions.FileProviders.Abstractions": {
        "type": "Transitive",
        "resolved": "2.1.0",
        "contentHash": "itv+7XBu58pxi8mykxx9cUO1OOVYe0jmQIZVSZVp5lOcLxB7sSV2bnHiI1RSu6Nxne/s6+oBla3ON5CCMSmwhQ==",
        "dependencies": {
          "Microsoft.Extensions.Primitives": "2.1.0"
        }
      },
      "Microsoft.Extensions.Hosting.Abstractions": {
        "type": "Transitive",
        "resolved": "2.1.0",
        "contentHash": "BpMaoBxdXr5VD0yk7rYN6R8lAU9X9JbvsPveNdKT+llIn3J5s4sxpWqaSG/NnzTzTLU5eJE5nrecTl7clg/7dQ==",
        "dependencies": {
          "Microsoft.Extensions.Configuration.Abstractions": "2.1.0",
          "Microsoft.Extensions.DependencyInjection.Abstractions": "2.1.0",
          "Microsoft.Extensions.FileProviders.Abstractions": "2.1.0",
          "Microsoft.Extensions.Logging.Abstractions": "2.1.0"
        }
      },
      "Microsoft.Extensions.Logging": {
        "type": "Transitive",
        "resolved": "5.0.0-preview.3.20215.2",
        "contentHash": "XTvyeOVzkEy+WhvGvY92BsAAL23ONd3g1uIcrAxvBTFX5/2GTwIpYMfX7pvhvB23nckKgl2D6VOMPRGRdWednQ==",
        "dependencies": {
          "Microsoft.Extensions.Configuration.Binder": "5.0.0-preview.3.20215.2",
          "Microsoft.Extensions.DependencyInjection": "5.0.0-preview.3.20215.2",
          "Microsoft.Extensions.Logging.Abstractions": "5.0.0-preview.3.20215.2",
          "Microsoft.Extensions.Options": "5.0.0-preview.3.20215.2"
        }
      },
      "Microsoft.Extensions.Logging.Abstractions": {
        "type": "Transitive",
        "resolved": "5.0.0-preview.3.20215.2",
        "contentHash": "X4VZMtuVcEEbP50uw7bpMEhRoeMJFSBYGcOZ6mWpMUcnGsgKcedPuESc0Ix10MfrK0g0CJPEW6x5XaVQpaKGRg=="
      },
      "Microsoft.Extensions.Options": {
        "type": "Transitive",
        "resolved": "5.0.0-preview.3.20215.2",
        "contentHash": "vgDP5oRj2hJgU7H+1Ijyzgf2r2PvN2gOlgZBzBy4sQLzlALgBCR1/4t3GMwLYKd0GJ+SSZbax/6xWdiX4Hjdcw==",
        "dependencies": {
          "Microsoft.Extensions.DependencyInjection.Abstractions": "5.0.0-preview.3.20215.2",
          "Microsoft.Extensions.Primitives": "5.0.0-preview.3.20215.2",
          "System.ComponentModel.Annotations": "5.0.0-preview.3.20214.6"
        }
      },
      "Microsoft.Extensions.Options.ConfigurationExtensions": {
        "type": "Transitive",
        "resolved": "2.0.0",
        "contentHash": "Y/lGICwO27fCkQRK3tZseVzFjZaxfGmui990E67sB4MuiPzdJHnJDS/BeYWrHShSSBgCl4KyKRx4ux686fftPg==",
        "dependencies": {
          "Microsoft.Extensions.Configuration.Abstractions": "2.0.0",
          "Microsoft.Extensions.Configuration.Binder": "2.0.0",
          "Microsoft.Extensions.DependencyInjection.Abstractions": "2.0.0",
          "Microsoft.Extensions.Options": "2.0.0"
        }
      },
      "Microsoft.Extensions.Primitives": {
        "type": "Transitive",
        "resolved": "5.0.0-preview.3.20215.2",
        "contentHash": "cnuAEPkjXpo68nKV2D8TnuXOjEkfzZ/34O2BeWYv9AqHDFBjSoGcw4kIOZ4EWtZjvVQfTfDv4qkNyn1I68aIVw==",
        "dependencies": {
          "System.Memory": "4.5.2",
          "System.Runtime.CompilerServices.Unsafe": "5.0.0-preview.3.20214.6"
        }
      },
      "Microsoft.IdentityModel.JsonWebTokens": {
        "type": "Transitive",
        "resolved": "5.5.0",
        "contentHash": "cT9SCW/dN+ulrvAtbh37c36DR6aArENH3S4UtFmvXRx+VGC0ArDgzRaEbEh+ChS4koxdl2oS691250iZhgKvwg==",
        "dependencies": {
          "Microsoft.IdentityModel.Tokens": "5.5.0",
          "Newtonsoft.Json": "10.0.1"
        }
      },
      "Microsoft.IdentityModel.Logging": {
        "type": "Transitive",
        "resolved": "5.5.0",
        "contentHash": "1w/Hz/7+al+ugQn+6y0tAPmpN8U0u1aBtl1QXYCVkiJfbCC4tgyroFOuhdztOq48rgeM+3JW9bGqOtkfVurW8w=="
      },
      "Microsoft.IdentityModel.Protocols": {
        "type": "Transitive",
        "resolved": "5.5.0",
        "contentHash": "m1gwAQwZjUxzRBC+4H40vYSo9Cms9yUbMdW492rQoXHU77G/ItiKxpk2+W9bWYcdsKUDKudye7im3T3MlVxEkg==",
        "dependencies": {
          "Microsoft.IdentityModel.Logging": "5.5.0",
          "Microsoft.IdentityModel.Tokens": "5.5.0"
        }
      },
      "Microsoft.IdentityModel.Protocols.OpenIdConnect": {
        "type": "Transitive",
        "resolved": "5.5.0",
        "contentHash": "21F4QlbaD5CXNs2urNRCO6vljbbrhv3gmGT8P18SKGKZ9IYBCn29extoJriHiPfhABd5b8S7RcdKU50XhERkYg==",
        "dependencies": {
          "Microsoft.IdentityModel.Protocols": "5.5.0",
          "Newtonsoft.Json": "10.0.1",
          "System.IdentityModel.Tokens.Jwt": "5.5.0"
        }
      },
      "Microsoft.IdentityModel.Tokens": {
        "type": "Transitive",
        "resolved": "5.5.0",
        "contentHash": "cu1klZiuCwVYbXHs0QdnseuoRGG1/85VX9d1Sk0vbJlKp+HJUN/4pAS/fe2m9bTOYyIPdeCHeksMiVHgo1EfAA==",
        "dependencies": {
          "Microsoft.IdentityModel.Logging": "5.5.0",
          "Newtonsoft.Json": "10.0.1",
          "System.Security.Cryptography.Cng": "4.5.0"
        }
      },
      "Microsoft.NETCore.Platforms": {
        "type": "Transitive",
        "resolved": "2.1.2",
        "contentHash": "mOJy3M0UN+LUG21dLGMxaWZEP6xYpQEpLuvuEQBaownaX4YuhH6NmNUlN9si+vNkAS6dwJ//N1O4DmLf2CikVg=="
      },
      "Microsoft.NETCore.Targets": {
        "type": "Transitive",
        "resolved": "1.1.0",
        "contentHash": "aOZA3BWfz9RXjpzt0sRJJMjAscAUm3Hoa4UWAfceV9UTYxgwZ1lZt5nO2myFf+/jetYQo4uTP7zS8sJY67BBxg=="
      },
      "Microsoft.VisualStudio.Web.CodeGeneration": {
        "type": "Transitive",
        "resolved": "3.1.3",
        "contentHash": "17orw41YWWt91nWrStbfwKv/BbnRXx68sZuQqgTCSWIOUME24Q9URF2kGXN08Zr1JND4VTkrTFFh2N/z7WbHQg==",
        "dependencies": {
          "Microsoft.Extensions.DependencyInjection": "3.1.0",
          "Microsoft.VisualStudio.Web.CodeGeneration.EntityFrameworkCore": "3.1.3"
        }
      },
      "Microsoft.VisualStudio.Web.CodeGeneration.Contracts": {
        "type": "Transitive",
        "resolved": "3.1.3",
        "contentHash": "l9HI8o1fjeSxIMs1QEETdNjEUCxbWxOgl7v9Zrjf4gVanXv/nQWOR9hLypSWHol7IThCcT5lc3lEtsOKlvTtOg==",
        "dependencies": {
          "Newtonsoft.Json": "11.0.2"
        }
      },
      "Microsoft.VisualStudio.Web.CodeGeneration.Core": {
        "type": "Transitive",
        "resolved": "3.1.3",
        "contentHash": "clZ0yhrlc5VZ/qvz+XSOFa/JK4EUk0rFJ26kb/DGT4ZNCx1speB45veFLcmeCG3B/d/XMIlYAPDNhHvyHCJcXg==",
        "dependencies": {
          "Microsoft.Extensions.DependencyInjection": "3.1.0",
          "Microsoft.VisualStudio.Web.CodeGeneration.Templating": "3.1.3",
          "Newtonsoft.Json": "11.0.2"
        }
      },
      "Microsoft.VisualStudio.Web.CodeGeneration.EntityFrameworkCore": {
        "type": "Transitive",
        "resolved": "3.1.3",
        "contentHash": "q2nOAgelxO/Ceg+MOWtmx9bXV+QHRhE3m3Xg1RSn1dzN/MNnORE4O8jEaXPlw6Rv0kuv97bPU1ALgXd0X2O/jw==",
        "dependencies": {
          "Microsoft.VisualStudio.Web.CodeGeneration.Core": "3.1.3"
        }
      },
      "Microsoft.VisualStudio.Web.CodeGeneration.Templating": {
        "type": "Transitive",
        "resolved": "3.1.3",
        "contentHash": "KwQkLdsPz/kVSXluIbg9dr1QnO3uI77MAxIADIJz27hNe1VArqpEbW5VkIioMguxLIMjHS6t2yoySTgp7q2D/A==",
        "dependencies": {
          "Microsoft.AspNetCore.Razor.Language": "3.1.0",
          "Microsoft.AspNetCore.Razor.Runtime": "2.2.0",
          "Microsoft.CodeAnalysis.CSharp": "3.3.1",
          "Microsoft.CodeAnalysis.Razor": "3.1.0",
          "Microsoft.VisualStudio.Web.CodeGeneration.Utils": "3.1.3"
        }
      },
      "Microsoft.VisualStudio.Web.CodeGeneration.Utils": {
        "type": "Transitive",
        "resolved": "3.1.3",
        "contentHash": "7J8k3dljc4Ii4R73DBrMO2VCp3k/WNASyNvJ1YdVl3Z/HSvN/fpQRBG/L8qVhkI1ad52jZ6nAeShJt/y9IGRyg==",
        "dependencies": {
          "Microsoft.CodeAnalysis.CSharp.Workspaces": "3.3.1",
          "Microsoft.VisualStudio.Web.CodeGeneration.Contracts": "3.1.3",
          "Newtonsoft.Json": "11.0.2",
          "NuGet.Frameworks": "4.7.0"
        }
      },
      "Microsoft.VisualStudio.Web.CodeGenerators.Mvc": {
        "type": "Transitive",
        "resolved": "3.1.3",
        "contentHash": "ZCgChp0HElZrjWgMC0HH80iJZyVqymjaJsXVpgcyQ88sczqqD4ei1NJa/tnE3O2zTZ2xqqoe9may4LkhJugxiA==",
        "dependencies": {
          "Microsoft.VisualStudio.Web.CodeGeneration": "3.1.3"
        }
      },
      "NETStandard.Library": {
        "type": "Transitive",
        "resolved": "2.0.0",
        "contentHash": "7jnbRU+L08FXKMxqUflxEXtVymWvNOrS8yHgu9s6EM8Anr6T/wIX4nZ08j/u3Asz+tCufp3YVwFSEvFTPYmBPA==",
        "dependencies": {
          "Microsoft.NETCore.Platforms": "1.1.0"
        }
      },
      "Newtonsoft.Json": {
        "type": "Transitive",
        "resolved": "11.0.2",
        "contentHash": "IvJe1pj7JHEsP8B8J8DwlMEx8UInrs/x+9oVY+oCD13jpLu4JbJU2WCIsMRn5C4yW9+DgkaO8uiVE5VHKjpmdQ=="
      },
      "Npgsql": {
        "type": "Transitive",
        "resolved": "4.1.3",
        "contentHash": "sWTXCb6WPPO7WEw4+1XoRqE49EdWmuyMA15LVbzV6jZgRxYWK8TbdniWMjguzmAgOZVYTmrCf+jsqPYoSqACvA==",
        "dependencies": {
          "System.Runtime.CompilerServices.Unsafe": "4.6.0"
        }
      },
      "NuGet.Frameworks": {
        "type": "Transitive",
        "resolved": "4.7.0",
        "contentHash": "qbXaB76XYUVLocLBs8Z9TS/ERGK2wm797feO+0JEPFvT7o7MRadOR77mqaSD4J1k8G+DlZQyq+MlkCuxrkr3ag==",
        "dependencies": {
          "NETStandard.Library": "1.6.1"
        }
      },
      "protobuf-net.Core": {
        "type": "Transitive",
        "resolved": "3.0.0",
        "contentHash": "/T2R5jzDve0z/ruw7IDPKvI6+d3EZotmUL+jvdyFDfLNMcjdqgltGOxCEIr6IqmfUScwVV2ETDAKB+2xeca/3A=="
      },
      "Serilog.Extensions.Hosting": {
        "type": "Transitive",
        "resolved": "3.1.0",
        "contentHash": "+NnmORRm9Tzzb9ZY9mgLEr9TRdayaOUdiegq9/4Bv8MSDpBeydxF+X3ea5riui1EzGUId+hpwy7j1hqcXs5Cdw==",
        "dependencies": {
          "Microsoft.Extensions.DependencyInjection.Abstractions": "2.1.0",
          "Microsoft.Extensions.Hosting.Abstractions": "2.1.0",
          "Microsoft.Extensions.Logging.Abstractions": "2.1.0",
          "Serilog": "2.8.0",
          "Serilog.Extensions.Logging": "3.0.1"
        }
      },
      "Serilog.Formatting.Compact": {
        "type": "Transitive",
        "resolved": "1.1.0",
        "contentHash": "pNroKVjo+rDqlxNG5PXkRLpfSCuDOBY0ri6jp9PLe505ljqwhwZz8ospy2vWhQlFu5GkIesh3FcDs4n7sWZODA==",
        "dependencies": {
          "Serilog": "2.8.0"
        }
      },
      "Serilog.Sinks.Debug": {
        "type": "Transitive",
        "resolved": "1.0.1",
        "contentHash": "nE5wvw9+J/V4lA+rEkFUETGjBabK8IlLQY5Z9KDzoo5LvILC4vhTOXLs7DGYs8h5juIf2nLZnVxHDXf404FqEQ==",
        "dependencies": {
          "Serilog": "2.5.0",
          "System.Diagnostics.Debug": "4.3.0"
        }
      },
      "System.Collections": {
        "type": "Transitive",
        "resolved": "4.3.0",
        "contentHash": "3Dcj85/TBdVpL5Zr+gEEBUuFe2icOnLalmEh9hfck1PTYbbyWuZgh4fmm2ysCLTrqLQw6t3TgTyJ+VLp+Qb+Lw==",
        "dependencies": {
          "Microsoft.NETCore.Platforms": "1.1.0",
          "Microsoft.NETCore.Targets": "1.1.0",
          "System.Runtime": "4.3.0"
        }
      },
      "System.Collections.Immutable": {
        "type": "Transitive",
        "resolved": "5.0.0-preview.3.20214.6",
        "contentHash": "S00mfYhsoU0SMx+/QBicprspBT7MM4RtPnH+XLF7zokqRb1IJuzaqaa1z6F0ktxly/IFhCTe1TSvvXoIhc3/TA=="
      },
      "System.Collections.NonGeneric": {
        "type": "Transitive",
        "resolved": "4.3.0",
        "contentHash": "prtjIEMhGUnQq6RnPEYLpFt8AtLbp9yq2zxOSrY7KJJZrw25Fi97IzBqY7iqssbM61Ek5b8f3MG/sG1N2sN5KA==",
        "dependencies": {
          "System.Diagnostics.Debug": "4.3.0",
          "System.Globalization": "4.3.0",
          "System.Resources.ResourceManager": "4.3.0",
          "System.Runtime": "4.3.0",
          "System.Runtime.Extensions": "4.3.0",
          "System.Threading": "4.3.0"
        }
      },
      "System.Collections.Specialized": {
        "type": "Transitive",
        "resolved": "4.3.0",
        "contentHash": "Epx8PoVZR0iuOnJJDzp7pWvdfMMOAvpUo95pC4ScH2mJuXkKA2Y4aR3cG9qt2klHgSons1WFh4kcGW7cSXvrxg==",
        "dependencies": {
          "System.Collections.NonGeneric": "4.3.0",
          "System.Globalization": "4.3.0",
          "System.Globalization.Extensions": "4.3.0",
          "System.Resources.ResourceManager": "4.3.0",
          "System.Runtime": "4.3.0",
          "System.Runtime.Extensions": "4.3.0",
          "System.Threading": "4.3.0"
        }
      },
      "System.ComponentModel.Annotations": {
        "type": "Transitive",
        "resolved": "5.0.0-preview.3.20214.6",
        "contentHash": "cQYW4b881knAV4wIkG3yJnHeW7eAJu1Lh8q0jJ+Ao2TaHYY8PMak9CurqJiEErHLiFukDFuyYUlTUNOVo6DSag=="
      },
      "System.Composition": {
        "type": "Transitive",
        "resolved": "1.0.31",
        "contentHash": "I+D26qpYdoklyAVUdqwUBrEIckMNjAYnuPJy/h9dsQItpQwVREkDFs4b4tkBza0kT2Yk48Lcfsv2QQ9hWsh9Iw==",
        "dependencies": {
          "System.Composition.AttributedModel": "1.0.31",
          "System.Composition.Convention": "1.0.31",
          "System.Composition.Hosting": "1.0.31",
          "System.Composition.Runtime": "1.0.31",
          "System.Composition.TypedParts": "1.0.31"
        }
      },
      "System.Composition.AttributedModel": {
        "type": "Transitive",
        "resolved": "1.0.31",
        "contentHash": "NHWhkM3ZkspmA0XJEsKdtTt1ViDYuojgSND3yHhTzwxepiwqZf+BCWuvCbjUt4fe0NxxQhUDGJ5km6sLjo9qnQ==",
        "dependencies": {
          "System.Reflection": "4.3.0",
          "System.Runtime": "4.3.0"
        }
      },
      "System.Composition.Convention": {
        "type": "Transitive",
        "resolved": "1.0.31",
        "contentHash": "GLjh2Ju71k6C0qxMMtl4efHa68NmWeIUYh4fkUI8xbjQrEBvFmRwMDFcylT8/PR9SQbeeL48IkFxU/+gd0nYEQ==",
        "dependencies": {
          "System.Collections": "4.3.0",
          "System.Composition.AttributedModel": "1.0.31",
          "System.Diagnostics.Debug": "4.3.0",
          "System.Diagnostics.Tools": "4.3.0",
          "System.Globalization": "4.3.0",
          "System.Linq": "4.3.0",
          "System.Linq.Expressions": "4.3.0",
          "System.Reflection": "4.3.0",
          "System.Reflection.Extensions": "4.3.0",
          "System.Resources.ResourceManager": "4.3.0",
          "System.Runtime": "4.3.0",
          "System.Threading": "4.3.0"
        }
      },
      "System.Composition.Hosting": {
        "type": "Transitive",
        "resolved": "1.0.31",
        "contentHash": "fN1bT4RX4vUqjbgoyuJFVUizAl2mYF5VAb+bVIxIYZSSc0BdnX+yGAxcavxJuDDCQ1K+/mdpgyEFc8e9ikjvrg==",
        "dependencies": {
          "System.Collections": "4.3.0",
          "System.Composition.Runtime": "1.0.31",
          "System.Diagnostics.Debug": "4.3.0",
          "System.Diagnostics.Tools": "4.3.0",
          "System.Globalization": "4.3.0",
          "System.Linq": "4.3.0",
          "System.Linq.Expressions": "4.3.0",
          "System.ObjectModel": "4.3.0",
          "System.Reflection": "4.3.0",
          "System.Reflection.Extensions": "4.3.0",
          "System.Resources.ResourceManager": "4.3.0",
          "System.Runtime": "4.3.0",
          "System.Threading": "4.3.0"
        }
      },
      "System.Composition.Runtime": {
        "type": "Transitive",
        "resolved": "1.0.31",
        "contentHash": "0LEJN+2NVM89CE4SekDrrk5tHV5LeATltkp+9WNYrR+Huiyt0vaCqHbbHtVAjPyeLWIc8dOz/3kthRBj32wGQg==",
        "dependencies": {
          "System.Collections": "4.3.0",
          "System.Diagnostics.Debug": "4.3.0",
          "System.Diagnostics.Tools": "4.3.0",
          "System.Globalization": "4.3.0",
          "System.Linq": "4.3.0",
          "System.Reflection": "4.3.0",
          "System.Resources.ResourceManager": "4.3.0",
          "System.Runtime": "4.3.0"
        }
      },
      "System.Composition.TypedParts": {
        "type": "Transitive",
        "resolved": "1.0.31",
        "contentHash": "0Zae/FtzeFgDBBuILeIbC/T9HMYbW4olAmi8XqqAGosSOWvXfiQLfARZEhiGd0LVXaYgXr0NhxiU1LldRP1fpQ==",
        "dependencies": {
          "System.Collections": "4.3.0",
          "System.Composition.AttributedModel": "1.0.31",
          "System.Composition.Hosting": "1.0.31",
          "System.Composition.Runtime": "1.0.31",
          "System.Diagnostics.Debug": "4.3.0",
          "System.Diagnostics.Tools": "4.3.0",
          "System.Globalization": "4.3.0",
          "System.Linq": "4.3.0",
          "System.Linq.Expressions": "4.3.0",
          "System.Reflection": "4.3.0",
          "System.Reflection.Extensions": "4.3.0",
          "System.Resources.ResourceManager": "4.3.0",
          "System.Runtime": "4.3.0",
          "System.Runtime.Extensions": "4.3.0"
        }
      },
      "System.Diagnostics.Debug": {
        "type": "Transitive",
        "resolved": "4.3.0",
        "contentHash": "ZUhUOdqmaG5Jk3Xdb8xi5kIyQYAA4PnTNlHx1mu9ZY3qv4ELIdKbnL/akbGaKi2RnNUWaZsAs31rvzFdewTj2g==",
        "dependencies": {
          "Microsoft.NETCore.Platforms": "1.1.0",
          "Microsoft.NETCore.Targets": "1.1.0",
          "System.Runtime": "4.3.0"
        }
      },
      "System.Diagnostics.DiagnosticSource": {
        "type": "Transitive",
        "resolved": "5.0.0-preview.3.20214.6",
        "contentHash": "J0FeYImVG59RZAOj/49xavTmeD4fxSDJ2wWaY2EPaXlegTAxCQ1aa9KO3ukLYyGx6+sI//SV9/E2IqJ4pxTvYA=="
      },
      "System.Diagnostics.Tools": {
        "type": "Transitive",
        "resolved": "4.3.0",
        "contentHash": "UUvkJfSYJMM6x527dJg2VyWPSRqIVB0Z7dbjHst1zmwTXz5CcXSYJFWRpuigfbO1Lf7yfZiIaEUesfnl/g5EyA==",
        "dependencies": {
          "Microsoft.NETCore.Platforms": "1.1.0",
          "Microsoft.NETCore.Targets": "1.1.0",
          "System.Runtime": "4.3.0"
        }
      },
      "System.Globalization": {
        "type": "Transitive",
        "resolved": "4.3.0",
        "contentHash": "kYdVd2f2PAdFGblzFswE4hkNANJBKRmsfa2X5LG2AcWE1c7/4t0pYae1L8vfZ5xvE2nK/R9JprtToA61OSHWIg==",
        "dependencies": {
          "Microsoft.NETCore.Platforms": "1.1.0",
          "Microsoft.NETCore.Targets": "1.1.0",
          "System.Runtime": "4.3.0"
        }
      },
      "System.Globalization.Extensions": {
        "type": "Transitive",
        "resolved": "4.3.0",
        "contentHash": "FhKmdR6MPG+pxow6wGtNAWdZh7noIOpdD5TwQ3CprzgIE1bBBoim0vbR1+AWsWjQmU7zXHgQo4TWSP6lCeiWcQ==",
        "dependencies": {
          "Microsoft.NETCore.Platforms": "1.1.0",
          "System.Globalization": "4.3.0",
          "System.Resources.ResourceManager": "4.3.0",
          "System.Runtime": "4.3.0",
          "System.Runtime.Extensions": "4.3.0",
          "System.Runtime.InteropServices": "4.3.0"
        }
      },
      "System.IdentityModel.Tokens.Jwt": {
        "type": "Transitive",
        "resolved": "5.5.0",
        "contentHash": "xa8kptJ+uf9hzj366f3pLcs5HFZ6dQMDKzEGq/yZNF0s3mVfyIhuQwgDcTJlAU4AROne/6Z5+vITwrW3gVNKIA==",
        "dependencies": {
          "Microsoft.IdentityModel.JsonWebTokens": "5.5.0",
          "Microsoft.IdentityModel.Tokens": "5.5.0",
          "Newtonsoft.Json": "10.0.1"
        }
      },
      "System.IO": {
        "type": "Transitive",
        "resolved": "4.3.0",
        "contentHash": "3qjaHvxQPDpSOYICjUoTsmoq5u6QJAFRUITgeT/4gqkF1bajbSmb1kwSxEA8AHlofqgcKJcM8udgieRNhaJ5Cg==",
        "dependencies": {
          "Microsoft.NETCore.Platforms": "1.1.0",
          "Microsoft.NETCore.Targets": "1.1.0",
          "System.Runtime": "4.3.0",
          "System.Text.Encoding": "4.3.0",
          "System.Threading.Tasks": "4.3.0"
        }
      },
      "System.Linq": {
        "type": "Transitive",
        "resolved": "4.3.0",
        "contentHash": "5DbqIUpsDp0dFftytzuMmc0oeMdQwjcP/EWxsksIz/w1TcFRkZ3yKKz0PqiYFMmEwPSWw+qNVqD7PJ889JzHbw==",
        "dependencies": {
          "System.Collections": "4.3.0",
          "System.Diagnostics.Debug": "4.3.0",
          "System.Resources.ResourceManager": "4.3.0",
          "System.Runtime": "4.3.0",
          "System.Runtime.Extensions": "4.3.0"
        }
      },
      "System.Linq.Expressions": {
        "type": "Transitive",
        "resolved": "4.3.0",
        "contentHash": "PGKkrd2khG4CnlyJwxwwaWWiSiWFNBGlgXvJpeO0xCXrZ89ODrQ6tjEWS/kOqZ8GwEOUATtKtzp1eRgmYNfclg==",
        "dependencies": {
          "System.Collections": "4.3.0",
          "System.Diagnostics.Debug": "4.3.0",
          "System.Globalization": "4.3.0",
          "System.IO": "4.3.0",
          "System.Linq": "4.3.0",
          "System.ObjectModel": "4.3.0",
          "System.Reflection": "4.3.0",
          "System.Reflection.Emit": "4.3.0",
          "System.Reflection.Emit.ILGeneration": "4.3.0",
          "System.Reflection.Emit.Lightweight": "4.3.0",
          "System.Reflection.Extensions": "4.3.0",
          "System.Reflection.Primitives": "4.3.0",
          "System.Reflection.TypeExtensions": "4.3.0",
          "System.Resources.ResourceManager": "4.3.0",
          "System.Runtime": "4.3.0",
          "System.Runtime.Extensions": "4.3.0",
          "System.Threading": "4.3.0"
        }
      },
      "System.Memory": {
        "type": "Transitive",
        "resolved": "4.5.4",
        "contentHash": "1MbJTHS1lZ4bS4FmsJjnuGJOu88ZzTT2rLvrhW7Ygic+pC0NWA+3hgAen0HRdsocuQXCkUTdFn9yHJJhsijDXw=="
      },
      "System.ObjectModel": {
        "type": "Transitive",
        "resolved": "4.3.0",
        "contentHash": "bdX+80eKv9bN6K4N+d77OankKHGn6CH711a6fcOpMQu2Fckp/Ft4L/kW9WznHpyR0NRAvJutzOMHNNlBGvxQzQ==",
        "dependencies": {
          "System.Collections": "4.3.0",
          "System.Diagnostics.Debug": "4.3.0",
          "System.Resources.ResourceManager": "4.3.0",
          "System.Runtime": "4.3.0",
          "System.Threading": "4.3.0"
        }
      },
      "System.Private.ServiceModel": {
        "type": "Transitive",
        "resolved": "4.6.0",
        "contentHash": "8iD5mvu76p3L9tUzmh1Iwgh51XRGIBKfKZhnfUoORjqDCabKugQOmne0SWzuU0ksNW1d6fTn6zEFmig8AbzI3g==",
        "dependencies": {
          "System.Reflection.DispatchProxy": "4.5.0",
          "System.Security.Cryptography.Xml": "4.5.0",
          "System.Security.Principal.Windows": "4.5.0"
        }
      },
      "System.Reflection": {
        "type": "Transitive",
        "resolved": "4.3.0",
        "contentHash": "KMiAFoW7MfJGa9nDFNcfu+FpEdiHpWgTcS2HdMpDvt9saK3y/G4GwprPyzqjFH9NTaGPQeWNHU+iDlDILj96aQ==",
        "dependencies": {
          "Microsoft.NETCore.Platforms": "1.1.0",
          "Microsoft.NETCore.Targets": "1.1.0",
          "System.IO": "4.3.0",
          "System.Reflection.Primitives": "4.3.0",
          "System.Runtime": "4.3.0"
        }
      },
      "System.Reflection.DispatchProxy": {
        "type": "Transitive",
        "resolved": "4.5.0",
        "contentHash": "+UW1hq11TNSeb+16rIk8hRQ02o339NFyzMc4ma/FqmxBzM30l1c2IherBB4ld1MNcenS48fz8tbt50OW4rVULA=="
      },
      "System.Reflection.Emit": {
        "type": "Transitive",
        "resolved": "4.7.0",
        "contentHash": "VR4kk8XLKebQ4MZuKuIni/7oh+QGFmZW3qORd1GvBq/8026OpW501SzT/oypwiQl4TvT8ErnReh/NzY9u+C6wQ=="
      },
      "System.Reflection.Emit.ILGeneration": {
        "type": "Transitive",
        "resolved": "4.3.0",
        "contentHash": "59tBslAk9733NXLrUJrwNZEzbMAcu8k344OYo+wfSVygcgZ9lgBdGIzH/nrg3LYhXceynyvTc8t5/GD4Ri0/ng==",
        "dependencies": {
          "System.Reflection": "4.3.0",
          "System.Reflection.Primitives": "4.3.0",
          "System.Runtime": "4.3.0"
        }
      },
      "System.Reflection.Emit.Lightweight": {
        "type": "Transitive",
        "resolved": "4.7.0",
        "contentHash": "a4OLB4IITxAXJeV74MDx49Oq2+PsF6Sml54XAFv+2RyWwtDBcabzoxiiJRhdhx+gaohLh4hEGCLQyBozXoQPqA=="
      },
      "System.Reflection.Extensions": {
        "type": "Transitive",
        "resolved": "4.3.0",
        "contentHash": "rJkrJD3kBI5B712aRu4DpSIiHRtr6QlfZSQsb0hYHrDCZORXCFjQfoipo2LaMUHoT9i1B7j7MnfaEKWDFmFQNQ==",
        "dependencies": {
          "Microsoft.NETCore.Platforms": "1.1.0",
          "Microsoft.NETCore.Targets": "1.1.0",
          "System.Reflection": "4.3.0",
          "System.Runtime": "4.3.0"
        }
      },
      "System.Reflection.Metadata": {
        "type": "Transitive",
        "resolved": "1.6.0",
        "contentHash": "COC1aiAJjCoA5GBF+QKL2uLqEBew4JsCkQmoHKbN3TlOZKa2fKLz5CpiRQKDz0RsAOEGsVKqOD5bomsXq/4STQ=="
      },
      "System.Reflection.Primitives": {
        "type": "Transitive",
        "resolved": "4.3.0",
        "contentHash": "5RXItQz5As4xN2/YUDxdpsEkMhvw3e6aNveFXUn4Hl/udNTCNhnKp8lT9fnc3MhvGKh1baak5CovpuQUXHAlIA==",
        "dependencies": {
          "Microsoft.NETCore.Platforms": "1.1.0",
          "Microsoft.NETCore.Targets": "1.1.0",
          "System.Runtime": "4.3.0"
        }
      },
      "System.Reflection.TypeExtensions": {
        "type": "Transitive",
        "resolved": "4.3.0",
        "contentHash": "7u6ulLcZbyxB5Gq0nMkQttcdBTx57ibzw+4IOXEfR+sXYQoHvjW5LTLyNr8O22UIMrqYbchJQJnos4eooYzYJA==",
        "dependencies": {
          "System.Reflection": "4.3.0",
          "System.Runtime": "4.3.0"
        }
      },
      "System.Resources.ResourceManager": {
        "type": "Transitive",
        "resolved": "4.3.0",
        "contentHash": "/zrcPkkWdZmI4F92gL/TPumP98AVDu/Wxr3CSJGQQ+XN6wbRZcyfSKVoPo17ilb3iOr0cCRqJInGwNMolqhS8A==",
        "dependencies": {
          "Microsoft.NETCore.Platforms": "1.1.0",
          "Microsoft.NETCore.Targets": "1.1.0",
          "System.Globalization": "4.3.0",
          "System.Reflection": "4.3.0",
          "System.Runtime": "4.3.0"
        }
      },
      "System.Runtime": {
        "type": "Transitive",
        "resolved": "4.3.0",
        "contentHash": "JufQi0vPQ0xGnAczR13AUFglDyVYt4Kqnz1AZaiKZ5+GICq0/1MH/mO/eAJHt/mHW1zjKBJd7kV26SrxddAhiw==",
        "dependencies": {
          "Microsoft.NETCore.Platforms": "1.1.0",
          "Microsoft.NETCore.Targets": "1.1.0"
        }
      },
      "System.Runtime.CompilerServices.Unsafe": {
        "type": "Transitive",
        "resolved": "5.0.0-preview.3.20214.6",
        "contentHash": "6+xHUBiSis4pr9KjmWWSbNNd3IWXo0CU8Yq4O23B+zuoZ7aml4jTDJJ0c7nnJloCRbA8372lYlhH9qyo5ZTc5A=="
      },
      "System.Runtime.Extensions": {
        "type": "Transitive",
        "resolved": "4.3.0",
        "contentHash": "guW0uK0fn5fcJJ1tJVXYd7/1h5F+pea1r7FLSOz/f8vPEqbR2ZAknuRDvTQ8PzAilDveOxNjSfr0CHfIQfFk8g==",
        "dependencies": {
          "Microsoft.NETCore.Platforms": "1.1.0",
          "Microsoft.NETCore.Targets": "1.1.0",
          "System.Runtime": "4.3.0"
        }
      },
      "System.Runtime.Handles": {
        "type": "Transitive",
        "resolved": "4.3.0",
        "contentHash": "OKiSUN7DmTWeYb3l51A7EYaeNMnvxwE249YtZz7yooT4gOZhmTjIn48KgSsw2k2lYdLgTKNJw/ZIfSElwDRVgg==",
        "dependencies": {
          "Microsoft.NETCore.Platforms": "1.1.0",
          "Microsoft.NETCore.Targets": "1.1.0",
          "System.Runtime": "4.3.0"
        }
      },
      "System.Runtime.InteropServices": {
        "type": "Transitive",
        "resolved": "4.3.0",
        "contentHash": "uv1ynXqiMK8mp1GM3jDqPCFN66eJ5w5XNomaK2XD+TuCroNTLFGeZ+WCmBMcBDyTFKou3P6cR6J/QsaqDp7fGQ==",
        "dependencies": {
          "Microsoft.NETCore.Platforms": "1.1.0",
          "Microsoft.NETCore.Targets": "1.1.0",
          "System.Reflection": "4.3.0",
          "System.Reflection.Primitives": "4.3.0",
          "System.Runtime": "4.3.0",
          "System.Runtime.Handles": "4.3.0"
        }
      },
      "System.Security.AccessControl": {
        "type": "Transitive",
        "resolved": "4.5.0",
        "contentHash": "vW8Eoq0TMyz5vAG/6ce483x/CP83fgm4SJe5P8Tb1tZaobcvPrbMEL7rhH1DRdrYbbb6F0vq3OlzmK0Pkwks5A==",
        "dependencies": {
          "Microsoft.NETCore.Platforms": "2.0.0",
          "System.Security.Principal.Windows": "4.5.0"
        }
      },
      "System.Security.Cryptography.Cng": {
        "type": "Transitive",
        "resolved": "4.5.0",
        "contentHash": "WG3r7EyjUe9CMPFSs6bty5doUqT+q9pbI80hlNzo2SkPkZ4VTuZkGWjpp77JB8+uaL4DFPRdBsAY+DX3dBK92A=="
      },
      "System.Security.Cryptography.Pkcs": {
        "type": "Transitive",
        "resolved": "4.5.0",
        "contentHash": "TGQX51gxpY3K3I6LJlE2LAftVlIMqJf0cBGhz68Y89jjk3LJCB6SrwiD+YN1fkqemBvWGs+GjyMJukl6d6goyQ==",
        "dependencies": {
          "System.Security.Cryptography.Cng": "4.5.0"
        }
      },
      "System.Security.Cryptography.Xml": {
        "type": "Transitive",
        "resolved": "4.5.0",
        "contentHash": "i2Jn6rGXR63J0zIklImGRkDIJL4b1NfPSEbIVHBlqoIb12lfXIigCbDRpDmIEzwSo/v1U5y/rYJdzZYSyCWxvg==",
        "dependencies": {
          "System.Security.Cryptography.Pkcs": "4.5.0",
          "System.Security.Permissions": "4.5.0"
        }
      },
      "System.Security.Permissions": {
        "type": "Transitive",
        "resolved": "4.5.0",
        "contentHash": "9gdyuARhUR7H+p5CjyUB/zPk7/Xut3wUSP8NJQB6iZr8L3XUXTMdoLeVAg9N4rqF8oIpE7MpdqHdDHQ7XgJe0g==",
        "dependencies": {
          "System.Security.AccessControl": "4.5.0"
        }
      },
      "System.Security.Principal.Windows": {
        "type": "Transitive",
        "resolved": "4.5.0",
        "contentHash": "U77HfRXlZlOeIXd//Yoj6Jnk8AXlbeisf1oq1os+hxOGVnuG+lGSfGqTwTZBoORFF6j/0q7HXIl8cqwQ9aUGqQ==",
        "dependencies": {
          "Microsoft.NETCore.Platforms": "2.0.0"
        }
      },
      "System.ServiceModel.Primitives": {
        "type": "Transitive",
        "resolved": "4.6.0",
        "contentHash": "LwFQqlATMZh5bdL2bZmEhuYGgTeb+GxT0WWkYqA2A+bywYM5Oq3wouHSigm1kRQwk4iQjrfsk5wxBdjmK1ozRQ==",
        "dependencies": {
          "System.Private.ServiceModel": "4.6.0"
        }
      },
      "System.Text.Encoding": {
        "type": "Transitive",
        "resolved": "4.3.0",
        "contentHash": "BiIg+KWaSDOITze6jGQynxg64naAPtqGHBwDrLaCtixsa5bKiR8dpPOHA7ge3C0JJQizJE+sfkz1wV+BAKAYZw==",
        "dependencies": {
          "Microsoft.NETCore.Platforms": "1.1.0",
          "Microsoft.NETCore.Targets": "1.1.0",
          "System.Runtime": "4.3.0"
        }
      },
      "System.Text.Encoding.CodePages": {
        "type": "Transitive",
        "resolved": "4.5.1",
        "contentHash": "4J2JQXbftjPMppIHJ7IC+VXQ9XfEagN92vZZNoG12i+zReYlim5dMoXFC1Zzg7tsnKDM7JPo5bYfFK4Jheq44w==",
        "dependencies": {
          "Microsoft.NETCore.Platforms": "2.1.2",
          "System.Runtime.CompilerServices.Unsafe": "4.5.2"
        }
      },
      "System.Text.Encodings.Web": {
        "type": "Transitive",
        "resolved": "4.5.0",
        "contentHash": "Xg4G4Indi4dqP1iuAiMSwpiWS54ZghzR644OtsRCm/m/lBMG8dUBhLVN7hLm8NNrNTR+iGbshCPTwrvxZPlm4g=="
      },
      "System.Text.Json": {
        "type": "Transitive",
        "resolved": "4.6.0",
        "contentHash": "4F8Xe+JIkVoDJ8hDAZ7HqLkjctN/6WItJIzQaifBwClC7wmoLSda/Sv2i6i1kycqDb3hWF4JCVbpAweyOKHEUA=="
      },
      "System.Threading": {
        "type": "Transitive",
        "resolved": "4.3.0",
        "contentHash": "VkUS0kOBcUf3Wwm0TSbrevDDZ6BlM+b/HRiapRFWjM5O0NS0LviG0glKmFK+hhPDd1XFeSdU1GmlLhb2CoVpIw==",
        "dependencies": {
          "System.Runtime": "4.3.0",
          "System.Threading.Tasks": "4.3.0"
        }
      },
      "System.Threading.Tasks": {
        "type": "Transitive",
        "resolved": "4.3.0",
        "contentHash": "LbSxKEdOUhVe8BezB/9uOGGppt+nZf6e1VFyw6v3DN6lqitm0OSn2uXMOdtP0M3W4iMcqcivm2J6UgqiwwnXiA==",
        "dependencies": {
          "Microsoft.NETCore.Platforms": "1.1.0",
          "Microsoft.NETCore.Targets": "1.1.0",
          "System.Runtime": "4.3.0"
        }
      },
      "System.Threading.Tasks.Extensions": {
        "type": "Transitive",
        "resolved": "4.5.3",
        "contentHash": "+MvhNtcvIbqmhANyKu91jQnvIRVSTiaOiFNfKWwXGHG48YAb4I/TyH8spsySiPYla7gKal5ZnF3teJqZAximyQ=="
      }
    }
  }
}